<?xml version="1.0" encoding="utf-8"?>
<Project ToolsVersion="4.0" xmlns="http://schemas.microsoft.com/developer/msbuild/2003">
  <ItemGroup>
    <None Include="ReadMe.txt" />
  </ItemGroup>
  <ItemGroup>
    <Filter Include="src">
      <UniqueIdentifier>{d3edbf58-865a-4ff9-8a1a-9613235d93e5}</UniqueIdentifier>
    </Filter>
    <Filter Include="include">
      <UniqueIdentifier>{df3614b8-0106-4ee4-8949-541185428042}</UniqueIdentifier>
    </Filter>
  </ItemGroup>
  <ItemGroup>
    <ClInclude Include="include\OutputManager.h">
      <Filter>include</Filter>
    </ClInclude>
    <ClInclude Include="include\ISerializable.h">
      <Filter>include</Filter>
    </ClInclude>
  </ItemGroup>
  <ItemGroup>
    <ClCompile Include="src\OutputManager.cpp">
      <Filter>src</Filter>
    </ClCompile>
    <ClCompile Include="src\ISerializable.cpp">
      <Filter>src</Filter>
    </ClCompile>
  </ItemGroup>
</Project>