<?xml version="1.0" encoding="utf-8"?>
<Project ToolsVersion="4.0" xmlns="http://schemas.microsoft.com/developer/msbuild/2003">
  <ItemGroup>
    <Filter Include="Source Files">
      <UniqueIdentifier>{4FC737F1-C7A5-4376-A066-2A32D752A2FF}</UniqueIdentifier>
      <Extensions>cpp;c;cc;cxx;def;odl;idl;hpj;bat;asm;asmx</Extensions>
    </Filter>
    <Filter Include="Header Files">
      <UniqueIdentifier>{93995380-89BD-4b04-88EB-625FBE52EBFB}</UniqueIdentifier>
      <Extensions>h;hpp;hxx;hm;inl;inc;xsd</Extensions>
    </Filter>
    <Filter Include="_Maintanance">
      <UniqueIdentifier>{31d20360-a941-47ad-b8d1-9c462371d611}</UniqueIdentifier>
    </Filter>
    <Filter Include="Packets">
      <UniqueIdentifier>{f712aa6a-5c0d-4c55-817b-00e3eb0be5ab}</UniqueIdentifier>
    </Filter>
  </ItemGroup>
  <ItemGroup>
    <ClInclude Include="include\Net.h">
      <Filter>Header Files</Filter>
    </ClInclude>
    <ClInclude Include="include\Packet.h">
      <Filter>Header Files</Filter>
    </ClInclude>
    <ClInclude Include="include\ISendable.h">
      <Filter>Header Files</Filter>
    </ClInclude>
    <ClInclude Include="include\SendController.h">
      <Filter>Header Files</Filter>
    </ClInclude>
    <ClInclude Include="include\Address.h">
      <Filter>Header Files</Filter>
    </ClInclude>
    <ClInclude Include="include\Socket.h">
      <Filter>Header Files</Filter>
    </ClInclude>
    <ClInclude Include="include\NetworkAPI.h">
      <Filter>_Maintanance</Filter>
    </ClInclude>
    <ClInclude Include="include\Connection.h">
      <Filter>Header Files</Filter>
    </ClInclude>
    <ClInclude Include="_Link.h">
      <Filter>_Maintanance</Filter>
    </ClInclude>
    <ClInclude Include="Packet.h">
      <Filter>Packets</Filter>
    </ClInclude>
    <ClInclude Include="PacketProvider.h">
      <Filter>Packets</Filter>
    </ClInclude>
    <ClInclude Include="PacketType.h">
      <Filter>Packets</Filter>
    </ClInclude>
    <ClInclude Include="stdafx.h">
      <Filter>_Maintanance</Filter>
    </ClInclude>
  </ItemGroup>
  <ItemGroup>
    <ClCompile Include="src\Net.cpp">
      <Filter>Source Files</Filter>
    </ClCompile>
    <ClCompile Include="src\Packet.cpp">
      <Filter>Source Files</Filter>
    </ClCompile>
    <ClCompile Include="src\ISendable.cpp">
      <Filter>Source Files</Filter>
    </ClCompile>
    <ClCompile Include="src\SendController.cpp">
      <Filter>Source Files</Filter>
    </ClCompile>
    <ClCompile Include="src\Address.cpp">
      <Filter>Source Files</Filter>
    </ClCompile>
    <ClCompile Include="src\Connection.cpp">
      <Filter>Source Files</Filter>
    </ClCompile>
    <ClCompile Include="src\Socket.cpp">
      <Filter>Source Files</Filter>
    </ClCompile>
    <ClCompile Include="PacketProvider.cpp">
      <Filter>Packets</Filter>
    </ClCompile>
    <ClCompile Include="stdafx.cpp">
      <Filter>_Maintanance</Filter>
    </ClCompile>
  </ItemGroup>
</Project>