<?xml version="1.0" encoding="utf-8"?>
<Project ToolsVersion="4.0" xmlns="http://schemas.microsoft.com/developer/msbuild/2003">
  <ItemGroup>
    <Filter Include="SlavsBasePlugin">
      <UniqueIdentifier>{f9f6b759-2702-4cab-955f-04f725aec4ca}</UniqueIdentifier>
    </Filter>
    <Filter Include="Components">
      <UniqueIdentifier>{e95e7388-d949-4472-b211-c12f27093452}</UniqueIdentifier>
    </Filter>
    <Filter Include="Components\Base">
      <UniqueIdentifier>{254125ef-1138-4b7c-a406-7979786b068f}</UniqueIdentifier>
    </Filter>
    <Filter Include="Components\Movement">
      <UniqueIdentifier>{31c8d060-9eac-4a74-82a6-27db8865abb6}</UniqueIdentifier>
    </Filter>
    <Filter Include="_Maintanance">
      <UniqueIdentifier>{93995380-89BD-4b04-88EB-625FBE52EBFB}</UniqueIdentifier>
      <Extensions>h;hpp;hxx;hm;inl;inc;xsd</Extensions>
    </Filter>
  </ItemGroup>
  <ItemGroup>
    <Text Include="ReadMe.txt" />
  </ItemGroup>
  <ItemGroup>
    <ClInclude Include="stdafx.h">
      <Filter>_Maintanance</Filter>
    </ClInclude>
    <ClInclude Include="SlavsBasePlugin.h">
      <Filter>SlavsBasePlugin</Filter>
    </ClInclude>
    <ClInclude Include="SlavsBasePluginAPI.h">
      <Filter>_Maintanance</Filter>
    </ClInclude>
    <ClInclude Include="BaseObjectComposer.h">
      <Filter>SlavsBasePlugin</Filter>
    </ClInclude>
    <ClInclude Include="TypeNames.h">
      <Filter>SlavsBasePlugin</Filter>
    </ClInclude>
    <ClInclude Include="TypeEnumerations.h">
      <Filter>SlavsBasePlugin</Filter>
    </ClInclude>
    <ClInclude Include="HumanComponent.h">
      <Filter>Components</Filter>
    </ClInclude>
    <ClInclude Include="ObjectSettings.h">
      <Filter>Components\Base</Filter>
    </ClInclude>
    <ClInclude Include="IComponentSerializer.h">
      <Filter>Components\Base</Filter>
    </ClInclude>
    <ClInclude Include="StaticObjectComponent.h">
      <Filter>Components\Movement</Filter>
    </ClInclude>
    <ClInclude Include="DynamicObjectComponent.h">
      <Filter>Components\Movement</Filter>
    </ClInclude>
    <ClInclude Include="IMovementStrategy.h">
      <Filter>Components\Base</Filter>
    </ClInclude>
    <ClInclude Include="HouseComponent.h">
      <Filter>Components</Filter>
    </ClInclude>
    <ClInclude Include="StoreComponent.h">
      <Filter>Components</Filter>
    </ClInclude>
    <ClInclude Include="_Link.h">
      <Filter>_Maintanance</Filter>
    </ClInclude>
    <ClInclude Include="ManufactureComponent.h">
      <Filter>Components</Filter>
    </ClInclude>
    <ClInclude Include="MovementStrategyBase.h">
      <Filter>Components\Movement</Filter>
    </ClInclude>
    <ClInclude Include="MovingGroup.h">
      <Filter>Components\Movement</Filter>
    </ClInclude>
    <ClInclude Include="MovingGroupImpl.h">
      <Filter>Components\Movement</Filter>
    </ClInclude>
    <ClInclude Include="PrimitiveBrainComponent.h">
      <Filter>Components</Filter>
    </ClInclude>
  </ItemGroup>
  <ItemGroup>
    <ClCompile Include="stdafx.cpp">
      <Filter>_Maintanance</Filter>
    </ClCompile>
    <ClCompile Include="BasePlugin.cpp">
      <Filter>_Maintanance</Filter>
    </ClCompile>
    <ClCompile Include="SlavsBasePlugin.cpp">
      <Filter>SlavsBasePlugin</Filter>
    </ClCompile>
    <ClCompile Include="BaseObjectComposer.cpp">
      <Filter>SlavsBasePlugin</Filter>
    </ClCompile>
    <ClCompile Include="HumanComponent.cpp">
      <Filter>Components</Filter>
    </ClCompile>
    <ClCompile Include="ObjectSettings.cpp">
      <Filter>Components\Base</Filter>
    </ClCompile>
    <ClCompile Include="StaticObjectComponent.cpp">
      <Filter>Components\Movement</Filter>
    </ClCompile>
    <ClCompile Include="DynamicObjectComponent.cpp">
      <Filter>Components\Movement</Filter>
    </ClCompile>
    <ClCompile Include="HouseComponent.cpp">
      <Filter>Components</Filter>
    </ClCompile>
    <ClCompile Include="StoreComponent.cpp">
      <Filter>Components</Filter>
    </ClCompile>
    <ClCompile Include="ManufactureComponent.cpp">
      <Filter>Components</Filter>
    </ClCompile>
    <ClCompile Include="MovementStrategyBase.cpp">
      <Filter>Components\Movement</Filter>
    </ClCompile>
    <ClCompile Include="PrimitiveBrainComponent.cpp">
      <Filter>Components</Filter>
    </ClCompile>
  </ItemGroup>
</Project>