
Microsoft Visual Studio Solution File, Format Version 12.00
# Visual Studio 2012
Project("{8BC9CEB8-8B4A-11D0-8D11-00A0C91BC942}") = "SlavsClient", "SlavsClient\SlavsClient.vcxproj", "{76567829-EE87-4F64-BC2F-0297DA8F8BAC}"
EndProject
Project("{8BC9CEB8-8B4A-11D0-8D11-00A0C91BC942}") = "Common", "Common\Common.vcxproj", "{6BEE3135-A395-4594-B8A9-AA3E11F8C295}"
EndProject
Project("{8BC9CEB8-8B4A-11D0-8D11-00A0C91BC942}") = "SlavsServer", "SlavsServer\SlavsServer.vcxproj", "{A72FD430-58A6-4564-B40A-4100DE356C9E}"
	ProjectSection(ProjectDependencies) = postProject
		{F95DE44F-C82D-46A7-96D9-23C5BE12BF3B} = {F95DE44F-C82D-46A7-96D9-23C5BE12BF3B}
	EndProjectSection
EndProject
Project("{8BC9CEB8-8B4A-11D0-8D11-00A0C91BC942}") = "Network", "Network\Network.vcxproj", "{57EA8C6E-BAF9-4852-94E8-BB509E528241}"
EndProject
Project("{8BC9CEB8-8B4A-11D0-8D11-00A0C91BC942}") = "OutputData", "OutputData\OutputData.vcxproj", "{F95DE44F-C82D-46A7-96D9-23C5BE12BF3B}"
EndProject
Project("{8BC9CEB8-8B4A-11D0-8D11-00A0C91BC942}") = "ServiceStarter", "ServiceStarter\ServiceStarter.vcxproj", "{50DB7E14-9624-4A56-93D6-665BCEEA02A6}"
	ProjectSection(ProjectDependencies) = postProject
		{A72FD430-58A6-4564-B40A-4100DE356C9E} = {A72FD430-58A6-4564-B40A-4100DE356C9E}
	EndProjectSection
EndProject
Project("{8BC9CEB8-8B4A-11D0-8D11-00A0C91BC942}") = "SlavsBasePlugin", "BasePlugin\BasePlugin.vcxproj", "{8DC453EC-219A-4208-885D-216E87CE808C}"
	ProjectSection(ProjectDependencies) = postProject
		{A72FD430-58A6-4564-B40A-4100DE356C9E} = {A72FD430-58A6-4564-B40A-4100DE356C9E}
	EndProjectSection
EndProject
Project("{2150E333-8FDC-42A3-9474-1A3956D46DE8}") = "Plugins", "Plugins", "{0D88E7F7-3DA4-400B-B3B0-8B96639F569D}"
EndProject
Project("{2150E333-8FDC-42A3-9474-1A3956D46DE8}") = "ServerSide", "ServerSide", "{3FD6EFF7-82FA-4ACF-A213-B9653C63AD91}"
EndProject
Project("{2150E333-8FDC-42A3-9474-1A3956D46DE8}") = "ClientSide", "ClientSide", "{68FAFE33-049F-459B-AE6F-5BBFFB8B6139}"
EndProject
Project("{2150E333-8FDC-42A3-9474-1A3956D46DE8}") = "Tests", "Tests", "{13815CFB-1F6F-4FBC-AF00-B169CFE2DEA8}"
EndProject
Project("{8BC9CEB8-8B4A-11D0-8D11-00A0C91BC942}") = "Server.Tests", "Server.Tests\Server.Tests.vcxproj", "{62690693-45AA-4C36-8477-55BE3C835039}"
	ProjectSection(ProjectDependencies) = postProject
		{A72FD430-58A6-4564-B40A-4100DE356C9E} = {A72FD430-58A6-4564-B40A-4100DE356C9E}
		{7E0B5D50-775E-48A9-BE36-B9BADD7DA539} = {7E0B5D50-775E-48A9-BE36-B9BADD7DA539}
	EndProjectSection
EndProject
Project("{8BC9CEB8-8B4A-11D0-8D11-00A0C91BC942}") = "BasePlugin.Tests", "BasePlugin.Tests\BasePlugin.Tests.vcxproj", "{38B87F55-AC2D-47F2-8FD0-CEC5EF3E6025}"
	ProjectSection(ProjectDependencies) = postProject
		{A72FD430-58A6-4564-B40A-4100DE356C9E} = {A72FD430-58A6-4564-B40A-4100DE356C9E}
		{6BEE3135-A395-4594-B8A9-AA3E11F8C295} = {6BEE3135-A395-4594-B8A9-AA3E11F8C295}
		{7E0B5D50-775E-48A9-BE36-B9BADD7DA539} = {7E0B5D50-775E-48A9-BE36-B9BADD7DA539}
		{8DC453EC-219A-4208-885D-216E87CE808C} = {8DC453EC-219A-4208-885D-216E87CE808C}
	EndProjectSection
EndProject
Project("{8BC9CEB8-8B4A-11D0-8D11-00A0C91BC942}") = "Server.Tests.Base", "Server.Tests.Base\Server.Tests.Base.vcxproj", "{7E0B5D50-775E-48A9-BE36-B9BADD7DA539}"
EndProject
Project("{8BC9CEB8-8B4A-11D0-8D11-00A0C91BC942}") = "ClientApplication", "ClientApplication\ClientApplication.vcxproj", "{6DA24416-1F28-49D4-9E2B-89FF74B4D83E}"
EndProject
Global
	GlobalSection(TeamFoundationVersionControl) = preSolution
		SccNumberOfProjects = 12
		SccEnterpriseProvider = {4CA58AB2-18FA-4F8D-95D4-32DDF27D184C}
		SccTeamFoundationServer = https://shcherbina.visualstudio.com/defaultcollection
		SccLocalPath0 = .
		SccProjectUniqueName1 = SlavsClient\\SlavsClient.vcxproj
		SccProjectTopLevelParentUniqueName1 = Slavs.sln
		SccProjectName1 = SlavsClient
		SccLocalPath1 = SlavsClient
		SccProjectUniqueName2 = Common\\Common.vcxproj
		SccProjectName2 = Common
		SccLocalPath2 = Common
		SccProjectUniqueName3 = SlavsServer\\SlavsServer.vcxproj
		SccProjectTopLevelParentUniqueName3 = Slavs.sln
		SccProjectName3 = SlavsServer
		SccLocalPath3 = SlavsServer
		SccProjectUniqueName4 = Network\\Network.vcxproj
		SccProjectName4 = Network
		SccLocalPath4 = Network
		SccProjectUniqueName5 = OutputData\\OutputData.vcxproj
		SccProjectTopLevelParentUniqueName5 = Slavs.sln
		SccProjectName5 = OutputData
		SccLocalPath5 = OutputData
		SccProjectUniqueName6 = ServiceStarter\\ServiceStarter.vcxproj
		SccProjectTopLevelParentUniqueName6 = Slavs.sln
		SccProjectName6 = ServiceStarter
		SccLocalPath6 = ServiceStarter
		SccProjectUniqueName7 = BasePlugin\\BasePlugin.vcxproj
		SccProjectTopLevelParentUniqueName7 = Slavs.sln
		SccProjectName7 = BasePlugin
		SccLocalPath7 = BasePlugin
		SccProjectUniqueName8 = Server.Tests\\Server.Tests.vcxproj
		SccProjectTopLevelParentUniqueName8 = Slavs.sln
		SccProjectName8 = Server.Tests
		SccLocalPath8 = Server.Tests
		SccProjectUniqueName9 = BasePlugin.Tests\\BasePlugin.Tests.vcxproj
		SccProjectTopLevelParentUniqueName9 = Slavs.sln
		SccProjectName9 = BasePlugin.Tests
		SccLocalPath9 = BasePlugin.Tests
		SccProjectUniqueName10 = Server.Tests.Base\\Server.Tests.Base.vcxproj
		SccProjectTopLevelParentUniqueName10 = Slavs.sln
		SccProjectName10 = Server.Tests.Base
		SccLocalPath10 = Server.Tests.Base
		SccProjectUniqueName11 = ClientApplication\\ClientApplication.vcxproj
		SccProjectTopLevelParentUniqueName11 = Slavs.sln
		SccProjectName11 = ClientApplication
		SccLocalPath11 = ClientApplication
	EndGlobalSection
	GlobalSection(SolutionConfigurationPlatforms) = preSolution
		Debug|Win32 = Debug|Win32
		Release|Win32 = Release|Win32
	EndGlobalSection
	GlobalSection(ProjectConfigurationPlatforms) = postSolution
		{76567829-EE87-4F64-BC2F-0297DA8F8BAC}.Debug|Win32.ActiveCfg = Debug|Win32
		{76567829-EE87-4F64-BC2F-0297DA8F8BAC}.Release|Win32.ActiveCfg = Release|Win32
		{6BEE3135-A395-4594-B8A9-AA3E11F8C295}.Debug|Win32.ActiveCfg = Debug|Win32
		{6BEE3135-A395-4594-B8A9-AA3E11F8C295}.Debug|Win32.Build.0 = Debug|Win32
		{6BEE3135-A395-4594-B8A9-AA3E11F8C295}.Release|Win32.ActiveCfg = Release|Win32
		{6BEE3135-A395-4594-B8A9-AA3E11F8C295}.Release|Win32.Build.0 = Release|Win32
		{A72FD430-58A6-4564-B40A-4100DE356C9E}.Debug|Win32.ActiveCfg = Debug|Win32
		{A72FD430-58A6-4564-B40A-4100DE356C9E}.Debug|Win32.Build.0 = Debug|Win32
		{A72FD430-58A6-4564-B40A-4100DE356C9E}.Release|Win32.ActiveCfg = Release|Win32
		{A72FD430-58A6-4564-B40A-4100DE356C9E}.Release|Win32.Build.0 = Release|Win32
		{57EA8C6E-BAF9-4852-94E8-BB509E528241}.Debug|Win32.ActiveCfg = Debug|Win32
		{57EA8C6E-BAF9-4852-94E8-BB509E528241}.Debug|Win32.Build.0 = Debug|Win32
		{57EA8C6E-BAF9-4852-94E8-BB509E528241}.Release|Win32.ActiveCfg = Release|Win32
		{57EA8C6E-BAF9-4852-94E8-BB509E528241}.Release|Win32.Build.0 = Release|Win32
		{F95DE44F-C82D-46A7-96D9-23C5BE12BF3B}.Debug|Win32.ActiveCfg = Debug|Win32
		{F95DE44F-C82D-46A7-96D9-23C5BE12BF3B}.Debug|Win32.Build.0 = Debug|Win32
		{F95DE44F-C82D-46A7-96D9-23C5BE12BF3B}.Release|Win32.ActiveCfg = Release|Win32
		{F95DE44F-C82D-46A7-96D9-23C5BE12BF3B}.Release|Win32.Build.0 = Release|Win32
		{50DB7E14-9624-4A56-93D6-665BCEEA02A6}.Debug|Win32.ActiveCfg = Debug|Win32
		{50DB7E14-9624-4A56-93D6-665BCEEA02A6}.Debug|Win32.Build.0 = Debug|Win32
		{50DB7E14-9624-4A56-93D6-665BCEEA02A6}.Release|Win32.ActiveCfg = Release|Win32
		{50DB7E14-9624-4A56-93D6-665BCEEA02A6}.Release|Win32.Build.0 = Release|Win32
		{8DC453EC-219A-4208-885D-216E87CE808C}.Debug|Win32.ActiveCfg = Debug|Win32
		{8DC453EC-219A-4208-885D-216E87CE808C}.Debug|Win32.Build.0 = Debug|Win32
		{8DC453EC-219A-4208-885D-216E87CE808C}.Release|Win32.ActiveCfg = Release|Win32
		{8DC453EC-219A-4208-885D-216E87CE808C}.Release|Win32.Build.0 = Release|Win32
		{62690693-45AA-4C36-8477-55BE3C835039}.Debug|Win32.ActiveCfg = Debug|Win32
		{62690693-45AA-4C36-8477-55BE3C835039}.Debug|Win32.Build.0 = Debug|Win32
		{62690693-45AA-4C36-8477-55BE3C835039}.Release|Win32.ActiveCfg = Release|Win32
		{62690693-45AA-4C36-8477-55BE3C835039}.Release|Win32.Build.0 = Release|Win32
		{38B87F55-AC2D-47F2-8FD0-CEC5EF3E6025}.Debug|Win32.ActiveCfg = Debug|Win32
		{38B87F55-AC2D-47F2-8FD0-CEC5EF3E6025}.Debug|Win32.Build.0 = Debug|Win32
		{38B87F55-AC2D-47F2-8FD0-CEC5EF3E6025}.Release|Win32.ActiveCfg = Release|Win32
		{38B87F55-AC2D-47F2-8FD0-CEC5EF3E6025}.Release|Win32.Build.0 = Release|Win32
		{7E0B5D50-775E-48A9-BE36-B9BADD7DA539}.Debug|Win32.ActiveCfg = Debug|Win32
		{7E0B5D50-775E-48A9-BE36-B9BADD7DA539}.Debug|Win32.Build.0 = Debug|Win32
		{7E0B5D50-775E-48A9-BE36-B9BADD7DA539}.Release|Win32.ActiveCfg = Release|Win32
		{7E0B5D50-775E-48A9-BE36-B9BADD7DA539}.Release|Win32.Build.0 = Release|Win32
		{6DA24416-1F28-49D4-9E2B-89FF74B4D83E}.Debug|Win32.ActiveCfg = Debug|Win32
		{6DA24416-1F28-49D4-9E2B-89FF74B4D83E}.Debug|Win32.Build.0 = Debug|Win32
		{6DA24416-1F28-49D4-9E2B-89FF74B4D83E}.Release|Win32.ActiveCfg = Release|Win32
		{6DA24416-1F28-49D4-9E2B-89FF74B4D83E}.Release|Win32.Build.0 = Release|Win32
	EndGlobalSection
	GlobalSection(SolutionProperties) = preSolution
		HideSolutionNode = FALSE
	EndGlobalSection
	GlobalSection(NestedProjects) = preSolution
		{76567829-EE87-4F64-BC2F-0297DA8F8BAC} = {68FAFE33-049F-459B-AE6F-5BBFFB8B6139}
		{6DA24416-1F28-49D4-9E2B-89FF74B4D83E} = {68FAFE33-049F-459B-AE6F-5BBFFB8B6139}
		{F95DE44F-C82D-46A7-96D9-23C5BE12BF3B} = {3FD6EFF7-82FA-4ACF-A213-B9653C63AD91}
		{50DB7E14-9624-4A56-93D6-665BCEEA02A6} = {3FD6EFF7-82FA-4ACF-A213-B9653C63AD91}
		{0D88E7F7-3DA4-400B-B3B0-8B96639F569D} = {3FD6EFF7-82FA-4ACF-A213-B9653C63AD91}
		{A72FD430-58A6-4564-B40A-4100DE356C9E} = {3FD6EFF7-82FA-4ACF-A213-B9653C63AD91}
		{8DC453EC-219A-4208-885D-216E87CE808C} = {0D88E7F7-3DA4-400B-B3B0-8B96639F569D}
		{62690693-45AA-4C36-8477-55BE3C835039} = {13815CFB-1F6F-4FBC-AF00-B169CFE2DEA8}
		{38B87F55-AC2D-47F2-8FD0-CEC5EF3E6025} = {13815CFB-1F6F-4FBC-AF00-B169CFE2DEA8}
		{7E0B5D50-775E-48A9-BE36-B9BADD7DA539} = {13815CFB-1F6F-4FBC-AF00-B169CFE2DEA8}
	EndGlobalSection
EndGlobal
