
Microsoft Visual Studio Solution File, Format Version 12.00
# Visual Studio 2012
Project("{8BC9CEB8-8B4A-11D0-8D11-00A0C91BC942}") = "SlavsClient", "SlavsClient\SlavsClient.vcxproj", "{76567829-EE87-4F64-BC2F-0297DA8F8BAC}"
EndProject
Project("{8BC9CEB8-8B4A-11D0-8D11-00A0C91BC942}") = "Common", "Common\Common.vcxproj", "{6BEE3135-A395-4594-B8A9-AA3E11F8C295}"
EndProject
Project("{8BC9CEB8-8B4A-11D0-8D11-00A0C91BC942}") = "SlavsServer", "SlavsServer\SlavsServer.vcxproj", "{A72FD430-58A6-4564-B40A-4100DE356C9E}"
	ProjectSection(ProjectDependencies) = postProject
		{F95DE44F-C82D-46A7-96D9-23C5BE12BF3B} = {F95DE44F-C82D-46A7-96D9-23C5BE12BF3B}
	EndProjectSection
EndProject
Project("{8BC9CEB8-8B4A-11D0-8D11-00A0C91BC942}") = "Network", "Network\Network.vcxproj", "{57EA8C6E-BAF9-4852-94E8-BB509E528241}"
EndProject
Project("{8BC9CEB8-8B4A-11D0-8D11-00A0C91BC942}") = "OutputData", "OutputData\OutputData.vcxproj", "{F95DE44F-C82D-46A7-96D9-23C5BE12BF3B}"
EndProject
Project("{8BC9CEB8-8B4A-11D0-8D11-00A0C91BC942}") = "ServiceStarter", "ServiceStarter\ServiceStarter.vcxproj", "{50DB7E14-9624-4A56-93D6-665BCEEA02A6}"
	ProjectSection(ProjectDependencies) = postProject
		{A72FD430-58A6-4564-B40A-4100DE356C9E} = {A72FD430-58A6-4564-B40A-4100DE356C9E}
	EndProjectSection
EndProject
Project("{8BC9CEB8-8B4A-11D0-8D11-00A0C91BC942}") = "SlavsBasePlugin", "BasePlugin\BasePlugin.vcxproj", "{8DC453EC-219A-4208-885D-216E87CE808C}"
	ProjectSection(ProjectDependencies) = postProject
		{A72FD430-58A6-4564-B40A-4100DE356C9E} = {A72FD430-58A6-4564-B40A-4100DE356C9E}
	EndProjectSection
EndProject
Project("{2150E333-8FDC-42A3-9474-1A3956D46DE8}") = "Plugins", "Plugins", "{0D88E7F7-3DA4-400B-B3B0-8B96639F569D}"
EndProject
Project("{2150E333-8FDC-42A3-9474-1A3956D46DE8}") = "ServerSide", "ServerSide", "{3FD6EFF7-82FA-4ACF-A213-B9653C63AD91}"
EndProject
Project("{2150E333-8FDC-42A3-9474-1A3956D46DE8}") = "ClientSide", "ClientSide", "{68FAFE33-049F-459B-AE6F-5BBFFB8B6139}"
EndProject
Global
	GlobalSection(SolutionConfigurationPlatforms) = preSolution
		Debug|Win32 = Debug|Win32
		Release|Win32 = Release|Win32
	EndGlobalSection
	GlobalSection(ProjectConfigurationPlatforms) = postSolution
		{76567829-EE87-4F64-BC2F-0297DA8F8BAC}.Debug|Win32.ActiveCfg = Debug|Win32
		{76567829-EE87-4F64-BC2F-0297DA8F8BAC}.Debug|Win32.Build.0 = Debug|Win32
		{76567829-EE87-4F64-BC2F-0297DA8F8BAC}.Release|Win32.ActiveCfg = Release|Win32
		{76567829-EE87-4F64-BC2F-0297DA8F8BAC}.Release|Win32.Build.0 = Release|Win32
		{6BEE3135-A395-4594-B8A9-AA3E11F8C295}.Debug|Win32.ActiveCfg = Debug|Win32
		{6BEE3135-A395-4594-B8A9-AA3E11F8C295}.Debug|Win32.Build.0 = Debug|Win32
		{6BEE3135-A395-4594-B8A9-AA3E11F8C295}.Release|Win32.ActiveCfg = Release|Win32
		{6BEE3135-A395-4594-B8A9-AA3E11F8C295}.Release|Win32.Build.0 = Release|Win32
		{A72FD430-58A6-4564-B40A-4100DE356C9E}.Debug|Win32.ActiveCfg = Debug|Win32
		{A72FD430-58A6-4564-B40A-4100DE356C9E}.Debug|Win32.Build.0 = Debug|Win32
		{A72FD430-58A6-4564-B40A-4100DE356C9E}.Release|Win32.ActiveCfg = Release|Win32
		{A72FD430-58A6-4564-B40A-4100DE356C9E}.Release|Win32.Build.0 = Release|Win32
		{57EA8C6E-BAF9-4852-94E8-BB509E528241}.Debug|Win32.ActiveCfg = Debug|Win32
		{57EA8C6E-BAF9-4852-94E8-BB509E528241}.Debug|Win32.Build.0 = Debug|Win32
		{57EA8C6E-BAF9-4852-94E8-BB509E528241}.Release|Win32.ActiveCfg = Release|Win32
		{57EA8C6E-BAF9-4852-94E8-BB509E528241}.Release|Win32.Build.0 = Release|Win32
		{F95DE44F-C82D-46A7-96D9-23C5BE12BF3B}.Debug|Win32.ActiveCfg = Debug|Win32
		{F95DE44F-C82D-46A7-96D9-23C5BE12BF3B}.Debug|Win32.Build.0 = Debug|Win32
		{F95DE44F-C82D-46A7-96D9-23C5BE12BF3B}.Release|Win32.ActiveCfg = Release|Win32
		{F95DE44F-C82D-46A7-96D9-23C5BE12BF3B}.Release|Win32.Build.0 = Release|Win32
		{50DB7E14-9624-4A56-93D6-665BCEEA02A6}.Debug|Win32.ActiveCfg = Debug|Win32
		{50DB7E14-9624-4A56-93D6-665BCEEA02A6}.Debug|Win32.Build.0 = Debug|Win32
		{50DB7E14-9624-4A56-93D6-665BCEEA02A6}.Release|Win32.ActiveCfg = Release|Win32
		{50DB7E14-9624-4A56-93D6-665BCEEA02A6}.Release|Win32.Build.0 = Release|Win32
		{8DC453EC-219A-4208-885D-216E87CE808C}.Debug|Win32.ActiveCfg = Debug|Win32
		{8DC453EC-219A-4208-885D-216E87CE808C}.Debug|Win32.Build.0 = Debug|Win32
		{8DC453EC-219A-4208-885D-216E87CE808C}.Release|Win32.ActiveCfg = Release|Win32
		{8DC453EC-219A-4208-885D-216E87CE808C}.Release|Win32.Build.0 = Release|Win32
	EndGlobalSection
	GlobalSection(SolutionProperties) = preSolution
		HideSolutionNode = FALSE
	EndGlobalSection
	GlobalSection(NestedProjects) = preSolution
		{8DC453EC-219A-4208-885D-216E87CE808C} = {0D88E7F7-3DA4-400B-B3B0-8B96639F569D}
		{0D88E7F7-3DA4-400B-B3B0-8B96639F569D} = {3FD6EFF7-82FA-4ACF-A213-B9653C63AD91}
		{50DB7E14-9624-4A56-93D6-665BCEEA02A6} = {3FD6EFF7-82FA-4ACF-A213-B9653C63AD91}
		{F95DE44F-C82D-46A7-96D9-23C5BE12BF3B} = {3FD6EFF7-82FA-4ACF-A213-B9653C63AD91}
		{A72FD430-58A6-4564-B40A-4100DE356C9E} = {3FD6EFF7-82FA-4ACF-A213-B9653C63AD91}
		{76567829-EE87-4F64-BC2F-0297DA8F8BAC} = {68FAFE33-049F-459B-AE6F-5BBFFB8B6139}
	EndGlobalSection
EndGlobal
